
Microsoft Visual Studio Solution File, Format Version 12.00
# Visual Studio Version 16
VisualStudioVersion = 16.0.31729.503
MinimumVisualStudioVersion = 10.0.40219.1
Project("{FAE04EC0-301F-11D3-BF4B-00C04F79EFBC}") = "cineweb-orders-api", "cineweb-orders-api.csproj", "{B28B13F2-501B-4647-B47C-4F78C594CADE}"
EndProject
Global
	GlobalSection(SolutionConfigurationPlatforms) = preSolution
		Debug|Any CPU = Debug|Any CPU
		Release|Any CPU = Release|Any CPU
	EndGlobalSection
	GlobalSection(ProjectConfigurationPlatforms) = postSolution
		{B28B13F2-501B-4647-B47C-4F78C594CADE}.Debug|Any CPU.ActiveCfg = Debug|Any CPU
		{B28B13F2-501B-4647-B47C-4F78C594CADE}.Debug|Any CPU.Build.0 = Debug|Any CPU
		{B28B13F2-501B-4647-B47C-4F78C594CADE}.Release|Any CPU.ActiveCfg = Release|Any CPU
		{B28B13F2-501B-4647-B47C-4F78C594CADE}.Release|Any CPU.Build.0 = Release|Any CPU
	EndGlobalSection
	GlobalSection(SolutionProperties) = preSolution
		HideSolutionNode = FALSE
	EndGlobalSection
	GlobalSection(ExtensibilityGlobals) = postSolution
		SolutionGuid = {E907616A-26E3-4F98-9410-82186C062B50}
	EndGlobalSection
EndGlobal
